// !$*UTF8*$!
{
	archiveVersion = 1;
	classes = {
	};
	objectVersion = 46;
	objects = {

/* Begin PBXBuildFile section */
		0DB03CE91BF146EC0056E600 /* PlayViewController.swift in Sources */ = {isa = PBXBuildFile; fileRef = 0DB03CE81BF146EC0056E600 /* PlayViewController.swift */; };
		0DB03CEB1BF146FD0056E600 /* SettingsViewController.swift in Sources */ = {isa = PBXBuildFile; fileRef = 0DB03CEA1BF146FD0056E600 /* SettingsViewController.swift */; };
		0DB03CED1BF147410056E600 /* TabsController.swift in Sources */ = {isa = PBXBuildFile; fileRef = 0DB03CEC1BF147410056E600 /* TabsController.swift */; };
		A1CA6F141B7BEB540037974C /* AppDelegate.swift in Sources */ = {isa = PBXBuildFile; fileRef = A1CA6F131B7BEB540037974C /* AppDelegate.swift */; };
		A1CA6F161B7BEB540037974C /* ViewController.swift in Sources */ = {isa = PBXBuildFile; fileRef = A1CA6F151B7BEB540037974C /* ViewController.swift */; };
		A1CA6F191B7BEB540037974C /* Main.storyboard in Resources */ = {isa = PBXBuildFile; fileRef = A1CA6F171B7BEB540037974C /* Main.storyboard */; };
		A1CA6F1B1B7BEB540037974C /* Images.xcassets in Resources */ = {isa = PBXBuildFile; fileRef = A1CA6F1A1B7BEB540037974C /* Images.xcassets */; };
		A1CA6F1E1B7BEB540037974C /* LaunchScreen.xib in Resources */ = {isa = PBXBuildFile; fileRef = A1CA6F1C1B7BEB540037974C /* LaunchScreen.xib */; };
		A1CA6F2A1B7BEB540037974C /* Calc_TrainingTests.swift in Sources */ = {isa = PBXBuildFile; fileRef = A1CA6F291B7BEB540037974C /* Calc_TrainingTests.swift */; };
/* End PBXBuildFile section */

/* Begin PBXContainerItemProxy section */
		A1CA6F241B7BEB540037974C /* PBXContainerItemProxy */ = {
			isa = PBXContainerItemProxy;
			containerPortal = A1CA6F061B7BEB540037974C /* Project object */;
			proxyType = 1;
			remoteGlobalIDString = A1CA6F0D1B7BEB540037974C;
			remoteInfo = "Calc Training";
		};
/* End PBXContainerItemProxy section */

/* Begin PBXFileReference section */
		0DB03CE81BF146EC0056E600 /* PlayViewController.swift */ = {isa = PBXFileReference; fileEncoding = 4; lastKnownFileType = sourcecode.swift; path = PlayViewController.swift; sourceTree = "<group>"; };
		0DB03CEA1BF146FD0056E600 /* SettingsViewController.swift */ = {isa = PBXFileReference; fileEncoding = 4; lastKnownFileType = sourcecode.swift; path = SettingsViewController.swift; sourceTree = "<group>"; };
		0DB03CEC1BF147410056E600 /* TabsController.swift */ = {isa = PBXFileReference; fileEncoding = 4; lastKnownFileType = sourcecode.swift; path = TabsController.swift; sourceTree = "<group>"; };
		A1CA6F0E1B7BEB540037974C /* Calc Training.app */ = {isa = PBXFileReference; explicitFileType = wrapper.application; includeInIndex = 0; path = "Calc Training.app"; sourceTree = BUILT_PRODUCTS_DIR; };
		A1CA6F121B7BEB540037974C /* Info.plist */ = {isa = PBXFileReference; lastKnownFileType = text.plist.xml; path = Info.plist; sourceTree = "<group>"; };
		A1CA6F131B7BEB540037974C /* AppDelegate.swift */ = {isa = PBXFileReference; lastKnownFileType = sourcecode.swift; path = AppDelegate.swift; sourceTree = "<group>"; };
		A1CA6F151B7BEB540037974C /* ViewController.swift */ = {isa = PBXFileReference; lastKnownFileType = sourcecode.swift; path = ViewController.swift; sourceTree = "<group>"; };
		A1CA6F181B7BEB540037974C /* Base */ = {isa = PBXFileReference; lastKnownFileType = file.storyboard; name = Base; path = Base.lproj/Main.storyboard; sourceTree = "<group>"; };
		A1CA6F1A1B7BEB540037974C /* Images.xcassets */ = {isa = PBXFileReference; lastKnownFileType = folder.assetcatalog; path = Images.xcassets; sourceTree = "<group>"; };
		A1CA6F1D1B7BEB540037974C /* Base */ = {isa = PBXFileReference; lastKnownFileType = file.xib; name = Base; path = Base.lproj/LaunchScreen.xib; sourceTree = "<group>"; };
		A1CA6F231B7BEB540037974C /* Calc TrainingTests.xctest */ = {isa = PBXFileReference; explicitFileType = wrapper.cfbundle; includeInIndex = 0; path = "Calc TrainingTests.xctest"; sourceTree = BUILT_PRODUCTS_DIR; };
		A1CA6F281B7BEB540037974C /* Info.plist */ = {isa = PBXFileReference; lastKnownFileType = text.plist.xml; path = Info.plist; sourceTree = "<group>"; };
		A1CA6F291B7BEB540037974C /* Calc_TrainingTests.swift */ = {isa = PBXFileReference; lastKnownFileType = sourcecode.swift; path = Calc_TrainingTests.swift; sourceTree = "<group>"; };
/* End PBXFileReference section */

/* Begin PBXFrameworksBuildPhase section */
		A1CA6F0B1B7BEB540037974C /* Frameworks */ = {
			isa = PBXFrameworksBuildPhase;
			buildActionMask = 2147483647;
			files = (
			);
			runOnlyForDeploymentPostprocessing = 0;
		};
		A1CA6F201B7BEB540037974C /* Frameworks */ = {
			isa = PBXFrameworksBuildPhase;
			buildActionMask = 2147483647;
			files = (
			);
			runOnlyForDeploymentPostprocessing = 0;
		};
/* End PBXFrameworksBuildPhase section */

/* Begin PBXGroup section */
		A1CA6F051B7BEB540037974C = {
			isa = PBXGroup;
			children = (
				A1CA6F101B7BEB540037974C /* Calc Training */,
				A1CA6F261B7BEB540037974C /* Calc TrainingTests */,
				A1CA6F0F1B7BEB540037974C /* Products */,
			);
			sourceTree = "<group>";
		};
		A1CA6F0F1B7BEB540037974C /* Products */ = {
			isa = PBXGroup;
			children = (
				A1CA6F0E1B7BEB540037974C /* Calc Training.app */,
				A1CA6F231B7BEB540037974C /* Calc TrainingTests.xctest */,
			);
			name = Products;
			sourceTree = "<group>";
		};
		A1CA6F101B7BEB540037974C /* Calc Training */ = {
			isa = PBXGroup;
			children = (
				A1CA6F131B7BEB540037974C /* AppDelegate.swift */,
				A1CA6F151B7BEB540037974C /* ViewController.swift */,
				A1CA6F171B7BEB540037974C /* Main.storyboard */,
				0DB03CEC1BF147410056E600 /* TabsController.swift */,
				0DB03CEA1BF146FD0056E600 /* SettingsViewController.swift */,
				0DB03CE81BF146EC0056E600 /* PlayViewController.swift */,
				A1CA6F1A1B7BEB540037974C /* Images.xcassets */,
				A1CA6F1C1B7BEB540037974C /* LaunchScreen.xib */,
				A1CA6F111B7BEB540037974C /* Supporting Files */,
			);
			path = "Calc Training";
			sourceTree = "<group>";
		};
		A1CA6F111B7BEB540037974C /* Supporting Files */ = {
			isa = PBXGroup;
			children = (
				A1CA6F121B7BEB540037974C /* Info.plist */,
			);
			name = "Supporting Files";
			sourceTree = "<group>";
		};
		A1CA6F261B7BEB540037974C /* Calc TrainingTests */ = {
			isa = PBXGroup;
			children = (
				A1CA6F291B7BEB540037974C /* Calc_TrainingTests.swift */,
				A1CA6F271B7BEB540037974C /* Supporting Files */,
			);
			path = "Calc TrainingTests";
			sourceTree = "<group>";
		};
		A1CA6F271B7BEB540037974C /* Supporting Files */ = {
			isa = PBXGroup;
			children = (
				A1CA6F281B7BEB540037974C /* Info.plist */,
			);
			name = "Supporting Files";
			sourceTree = "<group>";
		};
/* End PBXGroup section */

/* Begin PBXNativeTarget section */
		A1CA6F0D1B7BEB540037974C /* Calc Training */ = {
			isa = PBXNativeTarget;
			buildConfigurationList = A1CA6F2D1B7BEB540037974C /* Build configuration list for PBXNativeTarget "Calc Training" */;
			buildPhases = (
				A1CA6F0A1B7BEB540037974C /* Sources */,
				A1CA6F0B1B7BEB540037974C /* Frameworks */,
				A1CA6F0C1B7BEB540037974C /* Resources */,
			);
			buildRules = (
			);
			dependencies = (
			);
			name = "Calc Training";
			productName = "Calc Training";
			productReference = A1CA6F0E1B7BEB540037974C /* Calc Training.app */;
			productType = "com.apple.product-type.application";
		};
		A1CA6F221B7BEB540037974C /* Calc TrainingTests */ = {
			isa = PBXNativeTarget;
			buildConfigurationList = A1CA6F301B7BEB540037974C /* Build configuration list for PBXNativeTarget "Calc TrainingTests" */;
			buildPhases = (
				A1CA6F1F1B7BEB540037974C /* Sources */,
				A1CA6F201B7BEB540037974C /* Frameworks */,
				A1CA6F211B7BEB540037974C /* Resources */,
			);
			buildRules = (
			);
			dependencies = (
				A1CA6F251B7BEB540037974C /* PBXTargetDependency */,
			);
			name = "Calc TrainingTests";
			productName = "Calc TrainingTests";
			productReference = A1CA6F231B7BEB540037974C /* Calc TrainingTests.xctest */;
			productType = "com.apple.product-type.bundle.unit-test";
		};
/* End PBXNativeTarget section */

/* Begin PBXProject section */
		A1CA6F061B7BEB540037974C /* Project object */ = {
			isa = PBXProject;
			attributes = {
				LastSwiftUpdateCheck = 0710;
				LastUpgradeCheck = 0640;
				ORGANIZATIONNAME = "Andy Liu";
				TargetAttributes = {
					A1CA6F0D1B7BEB540037974C = {
						CreatedOnToolsVersion = 6.4;
					};
					A1CA6F221B7BEB540037974C = {
						CreatedOnToolsVersion = 6.4;
						TestTargetID = A1CA6F0D1B7BEB540037974C;
					};
				};
			};
			buildConfigurationList = A1CA6F091B7BEB540037974C /* Build configuration list for PBXProject "Calc Training" */;
			compatibilityVersion = "Xcode 3.2";
			developmentRegion = English;
			hasScannedForEncodings = 0;
			knownRegions = (
				en,
				Base,
			);
			mainGroup = A1CA6F051B7BEB540037974C;
			productRefGroup = A1CA6F0F1B7BEB540037974C /* Products */;
			projectDirPath = "";
			projectRoot = "";
			targets = (
				A1CA6F0D1B7BEB540037974C /* Calc Training */,
				A1CA6F221B7BEB540037974C /* Calc TrainingTests */,
			);
		};
/* End PBXProject section */

/* Begin PBXResourcesBuildPhase section */
		A1CA6F0C1B7BEB540037974C /* Resources */ = {
			isa = PBXResourcesBuildPhase;
			buildActionMask = 2147483647;
			files = (
				A1CA6F191B7BEB540037974C /* Main.storyboard in Resources */,
				A1CA6F1E1B7BEB540037974C /* LaunchScreen.xib in Resources */,
				A1CA6F1B1B7BEB540037974C /* Images.xcassets in Resources */,
			);
			runOnlyForDeploymentPostprocessing = 0;
		};
		A1CA6F211B7BEB540037974C /* Resources */ = {
			isa = PBXResourcesBuildPhase;
			buildActionMask = 2147483647;
			files = (
			);
			runOnlyForDeploymentPostprocessing = 0;
		};
/* End PBXResourcesBuildPhase section */

/* Begin PBXSourcesBuildPhase section */
		A1CA6F0A1B7BEB540037974C /* Sources */ = {
			isa = PBXSourcesBuildPhase;
			buildActionMask = 2147483647;
			files = (
				A1CA6F161B7BEB540037974C /* ViewController.swift in Sources */,
				0DB03CED1BF147410056E600 /* TabsController.swift in Sources */,
				0DB03CE91BF146EC0056E600 /* PlayViewController.swift in Sources */,
				A1CA6F141B7BEB540037974C /* AppDelegate.swift in Sources */,
				0DB03CEB1BF146FD0056E600 /* SettingsViewController.swift in Sources */,
			);
			runOnlyForDeploymentPostprocessing = 0;
		};
		A1CA6F1F1B7BEB540037974C /* Sources */ = {
			isa = PBXSourcesBuildPhase;
			buildActionMask = 2147483647;
			files = (
				A1CA6F2A1B7BEB540037974C /* Calc_TrainingTests.swift in Sources */,
			);
			runOnlyForDeploymentPostprocessing = 0;
		};
/* End PBXSourcesBuildPhase section */

/* Begin PBXTargetDependency section */
		A1CA6F251B7BEB540037974C /* PBXTargetDependency */ = {
			isa = PBXTargetDependency;
			target = A1CA6F0D1B7BEB540037974C /* Calc Training */;
			targetProxy = A1CA6F241B7BEB540037974C /* PBXContainerItemProxy */;
		};
/* End PBXTargetDependency section */

/* Begin PBXVariantGroup section */
		A1CA6F171B7BEB540037974C /* Main.storyboard */ = {
			isa = PBXVariantGroup;
			children = (
				A1CA6F181B7BEB540037974C /* Base */,
			);
			name = Main.storyboard;
			sourceTree = "<group>";
		};
		A1CA6F1C1B7BEB540037974C /* LaunchScreen.xib */ = {
			isa = PBXVariantGroup;
			children = (
				A1CA6F1D1B7BEB540037974C /* Base */,
			);
			name = LaunchScreen.xib;
			sourceTree = "<group>";
		};
/* End PBXVariantGroup section */

/* Begin XCBuildConfiguration section */
		A1CA6F2B1B7BEB540037974C /* Debug */ = {
			isa = XCBuildConfiguration;
			buildSettings = {
				ALWAYS_SEARCH_USER_PATHS = NO;
				CLANG_CXX_LANGUAGE_STANDARD = "gnu++0x";
				CLANG_CXX_LIBRARY = "libc++";
				CLANG_ENABLE_MODULES = YES;
				CLANG_ENABLE_OBJC_ARC = YES;
				CLANG_WARN_BOOL_CONVERSION = YES;
				CLANG_WARN_CONSTANT_CONVERSION = YES;
				CLANG_WARN_DIRECT_OBJC_ISA_USAGE = YES_ERROR;
				CLANG_WARN_EMPTY_BODY = YES;
				CLANG_WARN_ENUM_CONVERSION = YES;
				CLANG_WARN_INT_CONVERSION = YES;
				CLANG_WARN_OBJC_ROOT_CLASS = YES_ERROR;
				CLANG_WARN_UNREACHABLE_CODE = YES;
				CLANG_WARN__DUPLICATE_METHOD_MATCH = YES;
				"CODE_SIGN_IDENTITY[sdk=iphoneos*]" = "iPhone Developer";
				COPY_PHASE_STRIP = NO;
				DEBUG_INFORMATION_FORMAT = "dwarf-with-dsym";
				ENABLE_STRICT_OBJC_MSGSEND = YES;
				GCC_C_LANGUAGE_STANDARD = gnu99;
				GCC_DYNAMIC_NO_PIC = NO;
				GCC_NO_COMMON_BLOCKS = YES;
				GCC_OPTIMIZATION_LEVEL = 0;
				GCC_PREPROCESSOR_DEFINITIONS = (
					"DEBUG=1",
					"$(inherited)",
				);
				GCC_SYMBOLS_PRIVATE_EXTERN = NO;
				GCC_WARN_64_TO_32_BIT_CONVERSION = YES;
				GCC_WARN_ABOUT_RETURN_TYPE = YES_ERROR;
				GCC_WARN_UNDECLARED_SELECTOR = YES;
				GCC_WARN_UNINITIALIZED_AUTOS = YES_AGGRESSIVE;
				GCC_WARN_UNUSED_FUNCTION = YES;
				GCC_WARN_UNUSED_VARIABLE = YES;
				IPHONEOS_DEPLOYMENT_TARGET = 8.4;
				MTL_ENABLE_DEBUG_INFO = YES;
				ONLY_ACTIVE_ARCH = YES;
				SDKROOT = iphoneos;
				SWIFT_OPTIMIZATION_LEVEL = "-Onone";
			};
			name = Debug;
		};
		A1CA6F2C1B7BEB540037974C /* Release */ = {
			isa = XCBuildConfiguration;
			buildSettings = {
				ALWAYS_SEARCH_USER_PATHS = NO;
				CLANG_CXX_LANGUAGE_STANDARD = "gnu++0x";
				CLANG_CXX_LIBRARY = "libc++";
				CLANG_ENABLE_MODULES = YES;
				CLANG_ENABLE_OBJC_ARC = YES;
				CLANG_WARN_BOOL_CONVERSION = YES;
				CLANG_WARN_CONSTANT_CONVERSION = YES;
				CLANG_WARN_DIRECT_OBJC_ISA_USAGE = YES_ERROR;
				CLANG_WARN_EMPTY_BODY = YES;
				CLANG_WARN_ENUM_CONVERSION = YES;
				CLANG_WARN_INT_CONVERSION = YES;
				CLANG_WARN_OBJC_ROOT_CLASS = YES_ERROR;
				CLANG_WARN_UNREACHABLE_CODE = YES;
				CLANG_WARN__DUPLICATE_METHOD_MATCH = YES;
				"CODE_SIGN_IDENTITY[sdk=iphoneos*]" = "iPhone Developer";
				COPY_PHASE_STRIP = NO;
				DEBUG_INFORMATION_FORMAT = "dwarf-with-dsym";
				ENABLE_NS_ASSERTIONS = NO;
				ENABLE_STRICT_OBJC_MSGSEND = YES;
				GCC_C_LANGUAGE_STANDARD = gnu99;
				GCC_NO_COMMON_BLOCKS = YES;
				GCC_WARN_64_TO_32_BIT_CONVERSION = YES;
				GCC_WARN_ABOUT_RETURN_TYPE = YES_ERROR;
				GCC_WARN_UNDECLARED_SELECTOR = YES;
				GCC_WARN_UNINITIALIZED_AUTOS = YES_AGGRESSIVE;
				GCC_WARN_UNUSED_FUNCTION = YES;
				GCC_WARN_UNUSED_VARIABLE = YES;
				IPHONEOS_DEPLOYMENT_TARGET = 8.4;
				MTL_ENABLE_DEBUG_INFO = NO;
				SDKROOT = iphoneos;
				VALIDATE_PRODUCT = YES;
			};
			name = Release;
		};
		A1CA6F2E1B7BEB540037974C /* Debug */ = {
			isa = XCBuildConfiguration;
			buildSettings = {
				ASSETCATALOG_COMPILER_APPICON_NAME = AppIcon;
				INFOPLIST_FILE = "Calc Training/Info.plist";
				LD_RUNPATH_SEARCH_PATHS = "$(inherited) @executable_path/Frameworks";
				PRODUCT_NAME = "$(TARGET_NAME)";
			};
			name = Debug;
		};
		A1CA6F2F1B7BEB540037974C /* Release */ = {
			isa = XCBuildConfiguration;
			buildSettings = {
				ASSETCATALOG_COMPILER_APPICON_NAME = AppIcon;
				INFOPLIST_FILE = "Calc Training/Info.plist";
				LD_RUNPATH_SEARCH_PATHS = "$(inherited) @executable_path/Frameworks";
				PRODUCT_NAME = "$(TARGET_NAME)";
			};
			name = Release;
		};
		A1CA6F311B7BEB540037974C /* Debug */ = {
			isa = XCBuildConfiguration;
			buildSettings = {
				BUNDLE_LOADER = "$(TEST_HOST)";
				FRAMEWORK_SEARCH_PATHS = (
					"$(SDKROOT)/Developer/Library/Frameworks",
					"$(inherited)",
				);
				GCC_PREPROCESSOR_DEFINITIONS = (
					"DEBUG=1",
					"$(inherited)",
				);
				INFOPLIST_FILE = "Calc TrainingTests/Info.plist";
				LD_RUNPATH_SEARCH_PATHS = "$(inherited) @executable_path/Frameworks @loader_path/Frameworks";
				PRODUCT_NAME = "$(TARGET_NAME)";
				TEST_HOST = "$(BUILT_PRODUCTS_DIR)/Calc Training.app/Calc Training";
			};
			name = Debug;
		};
		A1CA6F321B7BEB540037974C /* Release */ = {
			isa = XCBuildConfiguration;
			buildSettings = {
				BUNDLE_LOADER = "$(TEST_HOST)";
				FRAMEWORK_SEARCH_PATHS = (
					"$(SDKROOT)/Developer/Library/Frameworks",
					"$(inherited)",
				);
				INFOPLIST_FILE = "Calc TrainingTests/Info.plist";
				LD_RUNPATH_SEARCH_PATHS = "$(inherited) @executable_path/Frameworks @loader_path/Frameworks";
				PRODUCT_NAME = "$(TARGET_NAME)";
				TEST_HOST = "$(BUILT_PRODUCTS_DIR)/Calc Training.app/Calc Training";
			};
			name = Release;
		};
/* End XCBuildConfiguration section */

/* Begin XCConfigurationList section */
		A1CA6F091B7BEB540037974C /* Build configuration list for PBXProject "Calc Training" */ = {
			isa = XCConfigurationList;
			buildConfigurations = (
				A1CA6F2B1B7BEB540037974C /* Debug */,
				A1CA6F2C1B7BEB540037974C /* Release */,
			);
			defaultConfigurationIsVisible = 0;
			defaultConfigurationName = Release;
		};
		A1CA6F2D1B7BEB540037974C /* Build configuration list for PBXNativeTarget "Calc Training" */ = {
			isa = XCConfigurationList;
			buildConfigurations = (
				A1CA6F2E1B7BEB540037974C /* Debug */,
				A1CA6F2F1B7BEB540037974C /* Release */,
			);
			defaultConfigurationIsVisible = 0;
			defaultConfigurationName = Release;
		};
		A1CA6F301B7BEB540037974C /* Build configuration list for PBXNativeTarget "Calc TrainingTests" */ = {
			isa = XCConfigurationList;
			buildConfigurations = (
				A1CA6F311B7BEB540037974C /* Debug */,
				A1CA6F321B7BEB540037974C /* Release */,
			);
			defaultConfigurationIsVisible = 0;
			defaultConfigurationName = Release;
		};
/* End XCConfigurationList section */
	};
	rootObject = A1CA6F061B7BEB540037974C /* Project object */;
}
